
Microsoft Visual Studio Solution File, Format Version 12.00
# Visual Studio 15
VisualStudioVersion = 15.0.28307.168
MinimumVisualStudioVersion = 10.0.40219.1
Project("{FAE04EC0-301F-11D3-BF4B-00C04F79EFBC}") = "Blinkenlights", "Blinkenlights\Blinkenlights.csproj", "{2CFB331B-C842-454C-B1D0-4F99B88FADBB}"
EndProject
Global
	GlobalSection(SolutionConfigurationPlatforms) = preSolution
		Debug|Any CPU = Debug|Any CPU
		Release|Any CPU = Release|Any CPU
	EndGlobalSection
	GlobalSection(ProjectConfigurationPlatforms) = postSolution
		{2CFB331B-C842-454C-B1D0-4F99B88FADBB}.Debug|Any CPU.ActiveCfg = Debug|Any CPU
		{2CFB331B-C842-454C-B1D0-4F99B88FADBB}.Debug|Any CPU.Build.0 = Debug|Any CPU
		{2CFB331B-C842-454C-B1D0-4F99B88FADBB}.Debug|Any CPU.Deploy.0 = Debug|Any CPU
		{2CFB331B-C842-454C-B1D0-4F99B88FADBB}.Release|Any CPU.ActiveCfg = Release|Any CPU
		{2CFB331B-C842-454C-B1D0-4F99B88FADBB}.Release|Any CPU.Build.0 = Release|Any CPU
		{2CFB331B-C842-454C-B1D0-4F99B88FADBB}.Release|Any CPU.Deploy.0 = Release|Any CPU
	EndGlobalSection
	GlobalSection(SolutionProperties) = preSolution
		HideSolutionNode = FALSE
	EndGlobalSection
	GlobalSection(ExtensibilityGlobals) = postSolution
		SolutionGuid = {E07BDC3B-E092-4E1B-B741-90C58E696BFA}
	EndGlobalSection
EndGlobal
